Microsoft Visual Studio Solution File, Format Version 12.00
# Visual Studio 2013
VisualStudioVersion = 12.0.31101.0
MinimumVisualStudioVersion = 10.0.40219.1
Project("{8BC9CEB8-8B4A-11D0-8D11-00A0C91BC942}") = "ALL_BUILD", "ALL_BUILD.vcxproj", "{3E4F2BFC-87FC-4250-A31B-5FCE99710764}"
	ProjectSection(ProjectDependencies) = postProject
		{B90B2348-D2BB-43D1-AD6C-573D5362577B} = {B90B2348-D2BB-43D1-AD6C-573D5362577B}
		{91F122A5-DF08-4BC0-BC1C-0128D5897D56} = {91F122A5-DF08-4BC0-BC1C-0128D5897D56}
		{EC33A00E-9F73-44F4-9B48-594DB2ADCFE2} = {EC33A00E-9F73-44F4-9B48-594DB2ADCFE2}
		{69495B99-4293-4534-9A8A-81953A1204DD} = {69495B99-4293-4534-9A8A-81953A1204DD}
	EndProjectSection
EndProject
Project("{8BC9CEB8-8B4A-11D0-8D11-00A0C91BC942}") = "ZERO_CHECK", "ZERO_CHECK.vcxproj", "{B90B2348-D2BB-43D1-AD6C-573D5362577B}"
EndProject
Project("{8BC9CEB8-8B4A-11D0-8D11-00A0C91BC942}") = "dat", "dat\dat.vcxproj", "{91F122A5-DF08-4BC0-BC1C-0128D5897D56}"
	ProjectSection(ProjectDependencies) = postProject
		{B90B2348-D2BB-43D1-AD6C-573D5362577B} = {B90B2348-D2BB-43D1-AD6C-573D5362577B}
		{69495B99-4293-4534-9A8A-81953A1204DD} = {69495B99-4293-4534-9A8A-81953A1204DD}
	EndProjectSection
EndProject
Project("{8BC9CEB8-8B4A-11D0-8D11-00A0C91BC942}") = "exd", "exd\exd.vcxproj", "{EC33A00E-9F73-44F4-9B48-594DB2ADCFE2}"
	ProjectSection(ProjectDependencies) = postProject
		{B90B2348-D2BB-43D1-AD6C-573D5362577B} = {B90B2348-D2BB-43D1-AD6C-573D5362577B}
		{91F122A5-DF08-4BC0-BC1C-0128D5897D56} = {91F122A5-DF08-4BC0-BC1C-0128D5897D56}
		{69495B99-4293-4534-9A8A-81953A1204DD} = {69495B99-4293-4534-9A8A-81953A1204DD}
	EndProjectSection
EndProject
Project("{8BC9CEB8-8B4A-11D0-8D11-00A0C91BC942}") = "utils", "utils\utils.vcxproj", "{69495B99-4293-4534-9A8A-81953A1204DD}"
	ProjectSection(ProjectDependencies) = postProject
		{B90B2348-D2BB-43D1-AD6C-573D5362577B} = {B90B2348-D2BB-43D1-AD6C-573D5362577B}
	EndProjectSection
EndProject
Project("{8BC9CEB8-8B4A-11D0-8D11-00A0C91BC942}") = "extractor", "extractor\extractor.vcxproj", "{C798928E-9854-4C7D-AB9C-F07FA9C92304}"
EndProject
Global
	GlobalSection(SolutionConfigurationPlatforms) = preSolution
		Debug|Win32 = Debug|Win32
		MinSizeRel|Win32 = MinSizeRel|Win32
		Release|Win32 = Release|Win32
		RelWithDebInfo|Win32 = RelWithDebInfo|Win32
	EndGlobalSection
	GlobalSection(ProjectConfigurationPlatforms) = postSolution
		{3E4F2BFC-87FC-4250-A31B-5FCE99710764}.Debug|Win32.ActiveCfg = Debug|Win32
		{3E4F2BFC-87FC-4250-A31B-5FCE99710764}.MinSizeRel|Win32.ActiveCfg = MinSizeRel|Win32
		{3E4F2BFC-87FC-4250-A31B-5FCE99710764}.Release|Win32.ActiveCfg = Release|Win32
		{3E4F2BFC-87FC-4250-A31B-5FCE99710764}.RelWithDebInfo|Win32.ActiveCfg = RelWithDebInfo|Win32
		{B90B2348-D2BB-43D1-AD6C-573D5362577B}.Debug|Win32.ActiveCfg = Debug|Win32
		{B90B2348-D2BB-43D1-AD6C-573D5362577B}.Debug|Win32.Build.0 = Debug|Win32
		{B90B2348-D2BB-43D1-AD6C-573D5362577B}.MinSizeRel|Win32.ActiveCfg = MinSizeRel|Win32
		{B90B2348-D2BB-43D1-AD6C-573D5362577B}.MinSizeRel|Win32.Build.0 = MinSizeRel|Win32
		{B90B2348-D2BB-43D1-AD6C-573D5362577B}.Release|Win32.ActiveCfg = Release|Win32
		{B90B2348-D2BB-43D1-AD6C-573D5362577B}.Release|Win32.Build.0 = Release|Win32
		{B90B2348-D2BB-43D1-AD6C-573D5362577B}.RelWithDebInfo|Win32.ActiveCfg = RelWithDebInfo|Win32
		{B90B2348-D2BB-43D1-AD6C-573D5362577B}.RelWithDebInfo|Win32.Build.0 = RelWithDebInfo|Win32
		{91F122A5-DF08-4BC0-BC1C-0128D5897D56}.Debug|Win32.ActiveCfg = Debug|Win32
		{91F122A5-DF08-4BC0-BC1C-0128D5897D56}.Debug|Win32.Build.0 = Debug|Win32
		{91F122A5-DF08-4BC0-BC1C-0128D5897D56}.MinSizeRel|Win32.ActiveCfg = MinSizeRel|Win32
		{91F122A5-DF08-4BC0-BC1C-0128D5897D56}.MinSizeRel|Win32.Build.0 = MinSizeRel|Win32
		{91F122A5-DF08-4BC0-BC1C-0128D5897D56}.Release|Win32.ActiveCfg = Release|Win32
		{91F122A5-DF08-4BC0-BC1C-0128D5897D56}.Release|Win32.Build.0 = Release|Win32
		{91F122A5-DF08-4BC0-BC1C-0128D5897D56}.RelWithDebInfo|Win32.ActiveCfg = RelWithDebInfo|Win32
		{91F122A5-DF08-4BC0-BC1C-0128D5897D56}.RelWithDebInfo|Win32.Build.0 = RelWithDebInfo|Win32
		{EC33A00E-9F73-44F4-9B48-594DB2ADCFE2}.Debug|Win32.ActiveCfg = Debug|Win32
		{EC33A00E-9F73-44F4-9B48-594DB2ADCFE2}.Debug|Win32.Build.0 = Debug|Win32
		{EC33A00E-9F73-44F4-9B48-594DB2ADCFE2}.MinSizeRel|Win32.ActiveCfg = MinSizeRel|Win32
		{EC33A00E-9F73-44F4-9B48-594DB2ADCFE2}.MinSizeRel|Win32.Build.0 = MinSizeRel|Win32
		{EC33A00E-9F73-44F4-9B48-594DB2ADCFE2}.Release|Win32.ActiveCfg = Release|Win32
		{EC33A00E-9F73-44F4-9B48-594DB2ADCFE2}.Release|Win32.Build.0 = Release|Win32
		{EC33A00E-9F73-44F4-9B48-594DB2ADCFE2}.RelWithDebInfo|Win32.ActiveCfg = RelWithDebInfo|Win32
		{EC33A00E-9F73-44F4-9B48-594DB2ADCFE2}.RelWithDebInfo|Win32.Build.0 = RelWithDebInfo|Win32
		{69495B99-4293-4534-9A8A-81953A1204DD}.Debug|Win32.ActiveCfg = Debug|Win32
		{69495B99-4293-4534-9A8A-81953A1204DD}.Debug|Win32.Build.0 = Debug|Win32
		{69495B99-4293-4534-9A8A-81953A1204DD}.MinSizeRel|Win32.ActiveCfg = MinSizeRel|Win32
		{69495B99-4293-4534-9A8A-81953A1204DD}.MinSizeRel|Win32.Build.0 = MinSizeRel|Win32
		{69495B99-4293-4534-9A8A-81953A1204DD}.Release|Win32.ActiveCfg = Release|Win32
		{69495B99-4293-4534-9A8A-81953A1204DD}.Release|Win32.Build.0 = Release|Win32
		{69495B99-4293-4534-9A8A-81953A1204DD}.RelWithDebInfo|Win32.ActiveCfg = RelWithDebInfo|Win32
		{69495B99-4293-4534-9A8A-81953A1204DD}.RelWithDebInfo|Win32.Build.0 = RelWithDebInfo|Win32
		{C798928E-9854-4C7D-AB9C-F07FA9C92304}.Debug|Win32.ActiveCfg = Debug|Win32
		{C798928E-9854-4C7D-AB9C-F07FA9C92304}.Debug|Win32.Build.0 = Debug|Win32
		{C798928E-9854-4C7D-AB9C-F07FA9C92304}.MinSizeRel|Win32.ActiveCfg = Release|Win32
		{C798928E-9854-4C7D-AB9C-F07FA9C92304}.MinSizeRel|Win32.Build.0 = Release|Win32
		{C798928E-9854-4C7D-AB9C-F07FA9C92304}.Release|Win32.ActiveCfg = Release|Win32
		{C798928E-9854-4C7D-AB9C-F07FA9C92304}.Release|Win32.Build.0 = Release|Win32
		{C798928E-9854-4C7D-AB9C-F07FA9C92304}.RelWithDebInfo|Win32.ActiveCfg = Release|Win32
		{C798928E-9854-4C7D-AB9C-F07FA9C92304}.RelWithDebInfo|Win32.Build.0 = Release|Win32
	EndGlobalSection
	GlobalSection(SolutionProperties) = preSolution
		HideSolutionNode = FALSE
	EndGlobalSection
EndGlobal
